
Microsoft Visual Studio Solution File, Format Version 12.00
# Visual Studio Version 16
VisualStudioVersion = 16.0.30523.141
MinimumVisualStudioVersion = 10.0.40219.1
Project("{FAE04EC0-301F-11D3-BF4B-00C04F79EFBC}") = "WebApplication1", "WebApplication1\WebApplication1.csproj", "{7664CCE0-B21C-43E5-A2ED-47A67FDD4508}"
EndProject
Project("{FAE04EC0-301F-11D3-BF4B-00C04F79EFBC}") = "BLL", "BLL\BLL.csproj", "{750B2CCB-7848-4CB3-953C-ED10E39AC5F6}"
EndProject
Project("{FAE04EC0-301F-11D3-BF4B-00C04F79EFBC}") = "DAL", "DAL\DAL.csproj", "{2C1DAE50-E903-4982-97A2-C38D1C77467A}"
EndProject
Global
	GlobalSection(SolutionConfigurationPlatforms) = preSolution
		Debug|Any CPU = Debug|Any CPU
		Release|Any CPU = Release|Any CPU
	EndGlobalSection
	GlobalSection(ProjectConfigurationPlatforms) = postSolution
		{7664CCE0-B21C-43E5-A2ED-47A67FDD4508}.Debug|Any CPU.ActiveCfg = Debug|Any CPU
		{7664CCE0-B21C-43E5-A2ED-47A67FDD4508}.Debug|Any CPU.Build.0 = Debug|Any CPU
		{7664CCE0-B21C-43E5-A2ED-47A67FDD4508}.Release|Any CPU.ActiveCfg = Release|Any CPU
		{7664CCE0-B21C-43E5-A2ED-47A67FDD4508}.Release|Any CPU.Build.0 = Release|Any CPU
		{750B2CCB-7848-4CB3-953C-ED10E39AC5F6}.Debug|Any CPU.ActiveCfg = Debug|Any CPU
		{750B2CCB-7848-4CB3-953C-ED10E39AC5F6}.Debug|Any CPU.Build.0 = Debug|Any CPU
		{750B2CCB-7848-4CB3-953C-ED10E39AC5F6}.Release|Any CPU.ActiveCfg = Release|Any CPU
		{750B2CCB-7848-4CB3-953C-ED10E39AC5F6}.Release|Any CPU.Build.0 = Release|Any CPU
		{2C1DAE50-E903-4982-97A2-C38D1C77467A}.Debug|Any CPU.ActiveCfg = Debug|Any CPU
		{2C1DAE50-E903-4982-97A2-C38D1C77467A}.Debug|Any CPU.Build.0 = Debug|Any CPU
		{2C1DAE50-E903-4982-97A2-C38D1C77467A}.Release|Any CPU.ActiveCfg = Release|Any CPU
		{2C1DAE50-E903-4982-97A2-C38D1C77467A}.Release|Any CPU.Build.0 = Release|Any CPU
	EndGlobalSection
	GlobalSection(SolutionProperties) = preSolution
		HideSolutionNode = FALSE
	EndGlobalSection
	GlobalSection(ExtensibilityGlobals) = postSolution
		SolutionGuid = {2A7E8611-13FD-4794-AA43-895F75C9E60F}
	EndGlobalSection
EndGlobal
